
Microsoft Visual Studio Solution File, Format Version 12.00
# Visual Studio 2013
VisualStudioVersion = 12.0.21005.1
MinimumVisualStudioVersion = 10.0.40219.1
Project("{FAE04EC0-301F-11D3-BF4B-00C04F79EFBC}") = "Barcode Reader", "Barcode Reader\Barcode Reader.csproj", "{693DD227-17CF-4483-A95F-625D43E5D33B}"
EndProject
Global
	GlobalSection(SolutionConfigurationPlatforms) = preSolution
		Debug|Any CPU = Debug|Any CPU
		Release|Any CPU = Release|Any CPU
	EndGlobalSection
	GlobalSection(ProjectConfigurationPlatforms) = postSolution
		{693DD227-17CF-4483-A95F-625D43E5D33B}.Debug|Any CPU.ActiveCfg = Debug|Any CPU
		{693DD227-17CF-4483-A95F-625D43E5D33B}.Debug|Any CPU.Build.0 = Debug|Any CPU
		{693DD227-17CF-4483-A95F-625D43E5D33B}.Release|Any CPU.ActiveCfg = Release|Any CPU
		{693DD227-17CF-4483-A95F-625D43E5D33B}.Release|Any CPU.Build.0 = Release|Any CPU
	EndGlobalSection
	GlobalSection(SolutionProperties) = preSolution
		HideSolutionNode = FALSE
	EndGlobalSection
EndGlobal
